
Microsoft Visual Studio Solution File, Format Version 12.00
# Visual Studio Version 17
VisualStudioVersion = 17.9.34728.123
MinimumVisualStudioVersion = 10.0.40219.1
Project("{FAE04EC0-301F-11D3-BF4B-00C04F79EFBC}") = "Week 5", "Week 5\Week 5.csproj", "{0D7C0B97-2A32-4900-8312-8719F5861553}"
EndProject
Project("{FAE04EC0-301F-11D3-BF4B-00C04F79EFBC}") = "ANDoperaator", "ANDoperaator\ANDoperaator.csproj", "{F616BAD9-C7C9-4E0C-BA58-6639CD214D24}"
EndProject
Project("{FAE04EC0-301F-11D3-BF4B-00C04F79EFBC}") = "OROperator", "OROperator\OROperator.csproj", "{1CC8E434-5071-4080-983A-2388205338C5}"
EndProject
Project("{FAE04EC0-301F-11D3-BF4B-00C04F79EFBC}") = "Weekk5LogicalOperators", "Weekk5LogicalOperators\Weekk5LogicalOperators.csproj", "{5216DEFD-4F56-4034-8F89-27685E633B9F}"
EndProject
Global
	GlobalSection(SolutionConfigurationPlatforms) = preSolution
		Debug|Any CPU = Debug|Any CPU
		Release|Any CPU = Release|Any CPU
	EndGlobalSection
	GlobalSection(ProjectConfigurationPlatforms) = postSolution
		{0D7C0B97-2A32-4900-8312-8719F5861553}.Debug|Any CPU.ActiveCfg = Debug|Any CPU
		{0D7C0B97-2A32-4900-8312-8719F5861553}.Debug|Any CPU.Build.0 = Debug|Any CPU
		{0D7C0B97-2A32-4900-8312-8719F5861553}.Release|Any CPU.ActiveCfg = Release|Any CPU
		{0D7C0B97-2A32-4900-8312-8719F5861553}.Release|Any CPU.Build.0 = Release|Any CPU
		{F616BAD9-C7C9-4E0C-BA58-6639CD214D24}.Debug|Any CPU.ActiveCfg = Debug|Any CPU
		{F616BAD9-C7C9-4E0C-BA58-6639CD214D24}.Debug|Any CPU.Build.0 = Debug|Any CPU
		{F616BAD9-C7C9-4E0C-BA58-6639CD214D24}.Release|Any CPU.ActiveCfg = Release|Any CPU
		{F616BAD9-C7C9-4E0C-BA58-6639CD214D24}.Release|Any CPU.Build.0 = Release|Any CPU
		{1CC8E434-5071-4080-983A-2388205338C5}.Debug|Any CPU.ActiveCfg = Debug|Any CPU
		{1CC8E434-5071-4080-983A-2388205338C5}.Debug|Any CPU.Build.0 = Debug|Any CPU
		{1CC8E434-5071-4080-983A-2388205338C5}.Release|Any CPU.ActiveCfg = Release|Any CPU
		{1CC8E434-5071-4080-983A-2388205338C5}.Release|Any CPU.Build.0 = Release|Any CPU
		{5216DEFD-4F56-4034-8F89-27685E633B9F}.Debug|Any CPU.ActiveCfg = Debug|Any CPU
		{5216DEFD-4F56-4034-8F89-27685E633B9F}.Debug|Any CPU.Build.0 = Debug|Any CPU
		{5216DEFD-4F56-4034-8F89-27685E633B9F}.Release|Any CPU.ActiveCfg = Release|Any CPU
		{5216DEFD-4F56-4034-8F89-27685E633B9F}.Release|Any CPU.Build.0 = Release|Any CPU
	EndGlobalSection
	GlobalSection(SolutionProperties) = preSolution
		HideSolutionNode = FALSE
	EndGlobalSection
	GlobalSection(ExtensibilityGlobals) = postSolution
		SolutionGuid = {3DCFC5DE-4B4C-4A59-ABC3-22EE8C99712F}
	EndGlobalSection
EndGlobal
